
Microsoft Visual Studio Solution File, Format Version 12.00
# Visual Studio Version 16
VisualStudioVersion = 16.0.31410.357
MinimumVisualStudioVersion = 10.0.40219.1
Project("{FAE04EC0-301F-11D3-BF4B-00C04F79EFBC}") = "repeticao_07_3", "repeticao_07_3\repeticao_07_3.csproj", "{5A402453-4FD7-4086-A114-A150E912F270}"
EndProject
Global
	GlobalSection(SolutionConfigurationPlatforms) = preSolution
		Debug|Any CPU = Debug|Any CPU
		Release|Any CPU = Release|Any CPU
	EndGlobalSection
	GlobalSection(ProjectConfigurationPlatforms) = postSolution
		{5A402453-4FD7-4086-A114-A150E912F270}.Debug|Any CPU.ActiveCfg = Debug|Any CPU
		{5A402453-4FD7-4086-A114-A150E912F270}.Debug|Any CPU.Build.0 = Debug|Any CPU
		{5A402453-4FD7-4086-A114-A150E912F270}.Release|Any CPU.ActiveCfg = Release|Any CPU
		{5A402453-4FD7-4086-A114-A150E912F270}.Release|Any CPU.Build.0 = Release|Any CPU
	EndGlobalSection
	GlobalSection(SolutionProperties) = preSolution
		HideSolutionNode = FALSE
	EndGlobalSection
	GlobalSection(ExtensibilityGlobals) = postSolution
		SolutionGuid = {0D19C93A-7FF7-477F-A8C7-36261494DE74}
	EndGlobalSection
EndGlobal
